
Microsoft Visual Studio Solution File, Format Version 12.00
# Visual Studio Version 16
VisualStudioVersion = 16.0.29613.14
MinimumVisualStudioVersion = 10.0.40219.1
Project("{FAE04EC0-301F-11D3-BF4B-00C04F79EFBC}") = "Utilities", "Utilities\Utilities.csproj", "{D77DACF3-2DD2-4BD1-BC0B-E768D1BD935C}"
EndProject
Project("{2150E333-8FDC-42A3-9474-1A3956D46DE8}") = "Search", "Search", "{CD671D0B-AFE6-4BE3-8917-F11A821A305E}"
EndProject
Project("{2150E333-8FDC-42A3-9474-1A3956D46DE8}") = "Sort", "Sort", "{8305AA56-8941-414C-96C4-58F4216B4617}"
EndProject
Project("{2150E333-8FDC-42A3-9474-1A3956D46DE8}") = "Common", "Common", "{A784B3A0-3C97-451B-BE88-D7697D901C00}"
EndProject
Project("{FAE04EC0-301F-11D3-BF4B-00C04F79EFBC}") = "BubbleSort", "BubbleSort\BubbleSort.csproj", "{590E44B9-ED22-4FE6-8498-1E2633E2D83B}"
EndProject
Project("{FAE04EC0-301F-11D3-BF4B-00C04F79EFBC}") = "InsertionSort", "InsertionSort\InsertionSort.csproj", "{7D87F712-5CDA-4C48-ABF7-EC110B12B3EC}"
EndProject
Project("{FAE04EC0-301F-11D3-BF4B-00C04F79EFBC}") = "SelectionSort", "SelectionSort\SelectionSort.csproj", "{21B96008-470F-4F66-9947-6F8E66148BBE}"
EndProject
Project("{FAE04EC0-301F-11D3-BF4B-00C04F79EFBC}") = "MergeSort", "MergeSort\MergeSort.csproj", "{546BFF8F-45F6-4040-91F1-3266877FCB77}"
EndProject
Project("{2150E333-8FDC-42A3-9474-1A3956D46DE8}") = "DesignPatterns", "DesignPatterns", "{12A8E66C-CB6A-45E5-8FC6-FA2156060A7B}"
EndProject
Project("{2150E333-8FDC-42A3-9474-1A3956D46DE8}") = "Creational", "Creational", "{E250465E-32E5-43EE-AA98-F9597C775654}"
EndProject
Project("{2150E333-8FDC-42A3-9474-1A3956D46DE8}") = "Structural", "Structural", "{5D31ECDC-EF97-49AD-A264-2EA2DA90ADAF}"
EndProject
Project("{2150E333-8FDC-42A3-9474-1A3956D46DE8}") = "Behavioral", "Behavioral", "{439B0926-D5D8-4278-8F9F-FA5388BDA04B}"
EndProject
Project("{FAE04EC0-301F-11D3-BF4B-00C04F79EFBC}") = "Factory", "Factory\Factory.csproj", "{4202C7DD-BCBC-48CD-9FC2-44D5B8E46765}"
EndProject
Project("{FAE04EC0-301F-11D3-BF4B-00C04F79EFBC}") = "AbstractFactory", "AbstractFactory\AbstractFactory.csproj", "{BBAA4DC6-0147-4259-9375-B4CE38E92BAD}"
EndProject
Project("{FAE04EC0-301F-11D3-BF4B-00C04F79EFBC}") = "Singleton", "Singleton\Singleton.csproj", "{568FC31B-B1A4-4F12-9B65-8056F1FEF54C}"
EndProject
Project("{FAE04EC0-301F-11D3-BF4B-00C04F79EFBC}") = "Prototype", "Prototype\Prototype.csproj", "{FF5156A3-B751-4AE6-9833-3FE550D2C13F}"
EndProject
Project("{FAE04EC0-301F-11D3-BF4B-00C04F79EFBC}") = "Builder", "Builder\Builder.csproj", "{0505BE14-FE97-419C-AD4C-98D9A810F0BC}"
EndProject
Project("{FAE04EC0-301F-11D3-BF4B-00C04F79EFBC}") = "Adapter", "Adapter\Adapter.csproj", "{7EEBE356-AD69-4E91-96CF-C4792E7AED73}"
EndProject
Project("{FAE04EC0-301F-11D3-BF4B-00C04F79EFBC}") = "Bridge", "Bridge\Bridge.csproj", "{ED5C6D36-F70A-462D-98A5-FA9A5826C8AE}"
EndProject
Project("{FAE04EC0-301F-11D3-BF4B-00C04F79EFBC}") = "Composite", "Composite\Composite.csproj", "{20D0B617-8A44-408A-B288-461FB9BCD559}"
EndProject
Project("{FAE04EC0-301F-11D3-BF4B-00C04F79EFBC}") = "Decorator", "Decorator\Decorator.csproj", "{E36D9CFD-D482-4E13-B971-8BC34B443A81}"
EndProject
Project("{FAE04EC0-301F-11D3-BF4B-00C04F79EFBC}") = "Facade", "Facade\Facade.csproj", "{0F96AB4D-263E-4460-A5B7-10D38EA9EEE4}"
EndProject
Project("{FAE04EC0-301F-11D3-BF4B-00C04F79EFBC}") = "Flyweight", "Flyweight\Flyweight.csproj", "{AD5EC1B1-932C-44DD-AE56-AB88A6AE54DC}"
EndProject
Project("{FAE04EC0-301F-11D3-BF4B-00C04F79EFBC}") = "Proxy", "Proxy\Proxy.csproj", "{2A83277B-4C30-48EA-95D3-4BCA90EE2D8C}"
EndProject
Project("{FAE04EC0-301F-11D3-BF4B-00C04F79EFBC}") = "ChainOfResponsibility", "ChainOfResponsibility\ChainOfResponsibility.csproj", "{C7399B54-7965-4F7A-B7A1-D3C39BF0B651}"
EndProject
Project("{FAE04EC0-301F-11D3-BF4B-00C04F79EFBC}") = "Command", "Command\Command.csproj", "{B3BAB5C5-D55B-4F54-87B3-BB6CAE74642C}"
EndProject
Project("{FAE04EC0-301F-11D3-BF4B-00C04F79EFBC}") = "Interpreter", "Interpreter\Interpreter.csproj", "{676429C8-8C01-49DE-9387-2CE2BAE0594D}"
EndProject
Project("{FAE04EC0-301F-11D3-BF4B-00C04F79EFBC}") = "Mediator", "Mediator\Mediator.csproj", "{1CDBB8B5-53A8-463F-9083-43F2F13ED4D8}"
EndProject
Project("{FAE04EC0-301F-11D3-BF4B-00C04F79EFBC}") = "Memento", "Memento\Memento.csproj", "{B916C7A5-DE51-43F9-8C65-92315DC46D3A}"
EndProject
Project("{FAE04EC0-301F-11D3-BF4B-00C04F79EFBC}") = "Observer", "Observer\Observer.csproj", "{FDE5244D-871E-4CF6-8AD5-F4FAC7BBB2E4}"
EndProject
Project("{FAE04EC0-301F-11D3-BF4B-00C04F79EFBC}") = "State", "State\State.csproj", "{7388F3E5-F651-47D0-A84C-99C38BCB95FB}"
EndProject
Project("{FAE04EC0-301F-11D3-BF4B-00C04F79EFBC}") = "Template", "Template\Template.csproj", "{DE7F7CA5-4E83-4BA5-9036-74AE20298728}"
EndProject
Project("{FAE04EC0-301F-11D3-BF4B-00C04F79EFBC}") = "Visitor", "Visitor\Visitor.csproj", "{724820B0-1B94-42DB-8F75-6F0FA299A99B}"
EndProject
Project("{FAE04EC0-301F-11D3-BF4B-00C04F79EFBC}") = "Strategy", "DesignPatterns\Strategy\Strategy.csproj", "{32B9E11D-D064-4418-99AD-FD7C14A6771E}"
EndProject
Global
	GlobalSection(SolutionConfigurationPlatforms) = preSolution
		Debug|Any CPU = Debug|Any CPU
		Release|Any CPU = Release|Any CPU
	EndGlobalSection
	GlobalSection(ProjectConfigurationPlatforms) = postSolution
		{D77DACF3-2DD2-4BD1-BC0B-E768D1BD935C}.Debug|Any CPU.ActiveCfg = Debug|Any CPU
		{D77DACF3-2DD2-4BD1-BC0B-E768D1BD935C}.Debug|Any CPU.Build.0 = Debug|Any CPU
		{D77DACF3-2DD2-4BD1-BC0B-E768D1BD935C}.Release|Any CPU.ActiveCfg = Release|Any CPU
		{D77DACF3-2DD2-4BD1-BC0B-E768D1BD935C}.Release|Any CPU.Build.0 = Release|Any CPU
		{590E44B9-ED22-4FE6-8498-1E2633E2D83B}.Debug|Any CPU.ActiveCfg = Debug|Any CPU
		{590E44B9-ED22-4FE6-8498-1E2633E2D83B}.Debug|Any CPU.Build.0 = Debug|Any CPU
		{590E44B9-ED22-4FE6-8498-1E2633E2D83B}.Release|Any CPU.ActiveCfg = Release|Any CPU
		{590E44B9-ED22-4FE6-8498-1E2633E2D83B}.Release|Any CPU.Build.0 = Release|Any CPU
		{7D87F712-5CDA-4C48-ABF7-EC110B12B3EC}.Debug|Any CPU.ActiveCfg = Debug|Any CPU
		{7D87F712-5CDA-4C48-ABF7-EC110B12B3EC}.Debug|Any CPU.Build.0 = Debug|Any CPU
		{7D87F712-5CDA-4C48-ABF7-EC110B12B3EC}.Release|Any CPU.ActiveCfg = Release|Any CPU
		{7D87F712-5CDA-4C48-ABF7-EC110B12B3EC}.Release|Any CPU.Build.0 = Release|Any CPU
		{21B96008-470F-4F66-9947-6F8E66148BBE}.Debug|Any CPU.ActiveCfg = Debug|Any CPU
		{21B96008-470F-4F66-9947-6F8E66148BBE}.Debug|Any CPU.Build.0 = Debug|Any CPU
		{21B96008-470F-4F66-9947-6F8E66148BBE}.Release|Any CPU.ActiveCfg = Release|Any CPU
		{21B96008-470F-4F66-9947-6F8E66148BBE}.Release|Any CPU.Build.0 = Release|Any CPU
		{546BFF8F-45F6-4040-91F1-3266877FCB77}.Debug|Any CPU.ActiveCfg = Debug|Any CPU
		{546BFF8F-45F6-4040-91F1-3266877FCB77}.Debug|Any CPU.Build.0 = Debug|Any CPU
		{546BFF8F-45F6-4040-91F1-3266877FCB77}.Release|Any CPU.ActiveCfg = Release|Any CPU
		{546BFF8F-45F6-4040-91F1-3266877FCB77}.Release|Any CPU.Build.0 = Release|Any CPU
		{4202C7DD-BCBC-48CD-9FC2-44D5B8E46765}.Debug|Any CPU.ActiveCfg = Debug|Any CPU
		{4202C7DD-BCBC-48CD-9FC2-44D5B8E46765}.Debug|Any CPU.Build.0 = Debug|Any CPU
		{4202C7DD-BCBC-48CD-9FC2-44D5B8E46765}.Release|Any CPU.ActiveCfg = Release|Any CPU
		{4202C7DD-BCBC-48CD-9FC2-44D5B8E46765}.Release|Any CPU.Build.0 = Release|Any CPU
		{BBAA4DC6-0147-4259-9375-B4CE38E92BAD}.Debug|Any CPU.ActiveCfg = Debug|Any CPU
		{BBAA4DC6-0147-4259-9375-B4CE38E92BAD}.Debug|Any CPU.Build.0 = Debug|Any CPU
		{BBAA4DC6-0147-4259-9375-B4CE38E92BAD}.Release|Any CPU.ActiveCfg = Release|Any CPU
		{BBAA4DC6-0147-4259-9375-B4CE38E92BAD}.Release|Any CPU.Build.0 = Release|Any CPU
		{568FC31B-B1A4-4F12-9B65-8056F1FEF54C}.Debug|Any CPU.ActiveCfg = Debug|Any CPU
		{568FC31B-B1A4-4F12-9B65-8056F1FEF54C}.Debug|Any CPU.Build.0 = Debug|Any CPU
		{568FC31B-B1A4-4F12-9B65-8056F1FEF54C}.Release|Any CPU.ActiveCfg = Release|Any CPU
		{568FC31B-B1A4-4F12-9B65-8056F1FEF54C}.Release|Any CPU.Build.0 = Release|Any CPU
		{FF5156A3-B751-4AE6-9833-3FE550D2C13F}.Debug|Any CPU.ActiveCfg = Debug|Any CPU
		{FF5156A3-B751-4AE6-9833-3FE550D2C13F}.Debug|Any CPU.Build.0 = Debug|Any CPU
		{FF5156A3-B751-4AE6-9833-3FE550D2C13F}.Release|Any CPU.ActiveCfg = Release|Any CPU
		{FF5156A3-B751-4AE6-9833-3FE550D2C13F}.Release|Any CPU.Build.0 = Release|Any CPU
		{0505BE14-FE97-419C-AD4C-98D9A810F0BC}.Debug|Any CPU.ActiveCfg = Debug|Any CPU
		{0505BE14-FE97-419C-AD4C-98D9A810F0BC}.Debug|Any CPU.Build.0 = Debug|Any CPU
		{0505BE14-FE97-419C-AD4C-98D9A810F0BC}.Release|Any CPU.ActiveCfg = Release|Any CPU
		{0505BE14-FE97-419C-AD4C-98D9A810F0BC}.Release|Any CPU.Build.0 = Release|Any CPU
		{7EEBE356-AD69-4E91-96CF-C4792E7AED73}.Debug|Any CPU.ActiveCfg = Debug|Any CPU
		{7EEBE356-AD69-4E91-96CF-C4792E7AED73}.Debug|Any CPU.Build.0 = Debug|Any CPU
		{7EEBE356-AD69-4E91-96CF-C4792E7AED73}.Release|Any CPU.ActiveCfg = Release|Any CPU
		{7EEBE356-AD69-4E91-96CF-C4792E7AED73}.Release|Any CPU.Build.0 = Release|Any CPU
		{ED5C6D36-F70A-462D-98A5-FA9A5826C8AE}.Debug|Any CPU.ActiveCfg = Debug|Any CPU
		{ED5C6D36-F70A-462D-98A5-FA9A5826C8AE}.Debug|Any CPU.Build.0 = Debug|Any CPU
		{ED5C6D36-F70A-462D-98A5-FA9A5826C8AE}.Release|Any CPU.ActiveCfg = Release|Any CPU
		{ED5C6D36-F70A-462D-98A5-FA9A5826C8AE}.Release|Any CPU.Build.0 = Release|Any CPU
		{20D0B617-8A44-408A-B288-461FB9BCD559}.Debug|Any CPU.ActiveCfg = Debug|Any CPU
		{20D0B617-8A44-408A-B288-461FB9BCD559}.Debug|Any CPU.Build.0 = Debug|Any CPU
		{20D0B617-8A44-408A-B288-461FB9BCD559}.Release|Any CPU.ActiveCfg = Release|Any CPU
		{20D0B617-8A44-408A-B288-461FB9BCD559}.Release|Any CPU.Build.0 = Release|Any CPU
		{E36D9CFD-D482-4E13-B971-8BC34B443A81}.Debug|Any CPU.ActiveCfg = Debug|Any CPU
		{E36D9CFD-D482-4E13-B971-8BC34B443A81}.Debug|Any CPU.Build.0 = Debug|Any CPU
		{E36D9CFD-D482-4E13-B971-8BC34B443A81}.Release|Any CPU.ActiveCfg = Release|Any CPU
		{E36D9CFD-D482-4E13-B971-8BC34B443A81}.Release|Any CPU.Build.0 = Release|Any CPU
		{0F96AB4D-263E-4460-A5B7-10D38EA9EEE4}.Debug|Any CPU.ActiveCfg = Debug|Any CPU
		{0F96AB4D-263E-4460-A5B7-10D38EA9EEE4}.Debug|Any CPU.Build.0 = Debug|Any CPU
		{0F96AB4D-263E-4460-A5B7-10D38EA9EEE4}.Release|Any CPU.ActiveCfg = Release|Any CPU
		{0F96AB4D-263E-4460-A5B7-10D38EA9EEE4}.Release|Any CPU.Build.0 = Release|Any CPU
		{AD5EC1B1-932C-44DD-AE56-AB88A6AE54DC}.Debug|Any CPU.ActiveCfg = Debug|Any CPU
		{AD5EC1B1-932C-44DD-AE56-AB88A6AE54DC}.Debug|Any CPU.Build.0 = Debug|Any CPU
		{AD5EC1B1-932C-44DD-AE56-AB88A6AE54DC}.Release|Any CPU.ActiveCfg = Release|Any CPU
		{AD5EC1B1-932C-44DD-AE56-AB88A6AE54DC}.Release|Any CPU.Build.0 = Release|Any CPU
		{2A83277B-4C30-48EA-95D3-4BCA90EE2D8C}.Debug|Any CPU.ActiveCfg = Debug|Any CPU
		{2A83277B-4C30-48EA-95D3-4BCA90EE2D8C}.Debug|Any CPU.Build.0 = Debug|Any CPU
		{2A83277B-4C30-48EA-95D3-4BCA90EE2D8C}.Release|Any CPU.ActiveCfg = Release|Any CPU
		{2A83277B-4C30-48EA-95D3-4BCA90EE2D8C}.Release|Any CPU.Build.0 = Release|Any CPU
		{C7399B54-7965-4F7A-B7A1-D3C39BF0B651}.Debug|Any CPU.ActiveCfg = Debug|Any CPU
		{C7399B54-7965-4F7A-B7A1-D3C39BF0B651}.Debug|Any CPU.Build.0 = Debug|Any CPU
		{C7399B54-7965-4F7A-B7A1-D3C39BF0B651}.Release|Any CPU.ActiveCfg = Release|Any CPU
		{C7399B54-7965-4F7A-B7A1-D3C39BF0B651}.Release|Any CPU.Build.0 = Release|Any CPU
		{B3BAB5C5-D55B-4F54-87B3-BB6CAE74642C}.Debug|Any CPU.ActiveCfg = Debug|Any CPU
		{B3BAB5C5-D55B-4F54-87B3-BB6CAE74642C}.Debug|Any CPU.Build.0 = Debug|Any CPU
		{B3BAB5C5-D55B-4F54-87B3-BB6CAE74642C}.Release|Any CPU.ActiveCfg = Release|Any CPU
		{B3BAB5C5-D55B-4F54-87B3-BB6CAE74642C}.Release|Any CPU.Build.0 = Release|Any CPU
		{676429C8-8C01-49DE-9387-2CE2BAE0594D}.Debug|Any CPU.ActiveCfg = Debug|Any CPU
		{676429C8-8C01-49DE-9387-2CE2BAE0594D}.Debug|Any CPU.Build.0 = Debug|Any CPU
		{676429C8-8C01-49DE-9387-2CE2BAE0594D}.Release|Any CPU.ActiveCfg = Release|Any CPU
		{676429C8-8C01-49DE-9387-2CE2BAE0594D}.Release|Any CPU.Build.0 = Release|Any CPU
		{1CDBB8B5-53A8-463F-9083-43F2F13ED4D8}.Debug|Any CPU.ActiveCfg = Debug|Any CPU
		{1CDBB8B5-53A8-463F-9083-43F2F13ED4D8}.Debug|Any CPU.Build.0 = Debug|Any CPU
		{1CDBB8B5-53A8-463F-9083-43F2F13ED4D8}.Release|Any CPU.ActiveCfg = Release|Any CPU
		{1CDBB8B5-53A8-463F-9083-43F2F13ED4D8}.Release|Any CPU.Build.0 = Release|Any CPU
		{B916C7A5-DE51-43F9-8C65-92315DC46D3A}.Debug|Any CPU.ActiveCfg = Debug|Any CPU
		{B916C7A5-DE51-43F9-8C65-92315DC46D3A}.Debug|Any CPU.Build.0 = Debug|Any CPU
		{B916C7A5-DE51-43F9-8C65-92315DC46D3A}.Release|Any CPU.ActiveCfg = Release|Any CPU
		{B916C7A5-DE51-43F9-8C65-92315DC46D3A}.Release|Any CPU.Build.0 = Release|Any CPU
		{FDE5244D-871E-4CF6-8AD5-F4FAC7BBB2E4}.Debug|Any CPU.ActiveCfg = Debug|Any CPU
		{FDE5244D-871E-4CF6-8AD5-F4FAC7BBB2E4}.Debug|Any CPU.Build.0 = Debug|Any CPU
		{FDE5244D-871E-4CF6-8AD5-F4FAC7BBB2E4}.Release|Any CPU.ActiveCfg = Release|Any CPU
		{FDE5244D-871E-4CF6-8AD5-F4FAC7BBB2E4}.Release|Any CPU.Build.0 = Release|Any CPU
		{7388F3E5-F651-47D0-A84C-99C38BCB95FB}.Debug|Any CPU.ActiveCfg = Debug|Any CPU
		{7388F3E5-F651-47D0-A84C-99C38BCB95FB}.Debug|Any CPU.Build.0 = Debug|Any CPU
		{7388F3E5-F651-47D0-A84C-99C38BCB95FB}.Release|Any CPU.ActiveCfg = Release|Any CPU
		{7388F3E5-F651-47D0-A84C-99C38BCB95FB}.Release|Any CPU.Build.0 = Release|Any CPU
		{DE7F7CA5-4E83-4BA5-9036-74AE20298728}.Debug|Any CPU.ActiveCfg = Debug|Any CPU
		{DE7F7CA5-4E83-4BA5-9036-74AE20298728}.Debug|Any CPU.Build.0 = Debug|Any CPU
		{DE7F7CA5-4E83-4BA5-9036-74AE20298728}.Release|Any CPU.ActiveCfg = Release|Any CPU
		{DE7F7CA5-4E83-4BA5-9036-74AE20298728}.Release|Any CPU.Build.0 = Release|Any CPU
		{724820B0-1B94-42DB-8F75-6F0FA299A99B}.Debug|Any CPU.ActiveCfg = Debug|Any CPU
		{724820B0-1B94-42DB-8F75-6F0FA299A99B}.Debug|Any CPU.Build.0 = Debug|Any CPU
		{724820B0-1B94-42DB-8F75-6F0FA299A99B}.Release|Any CPU.ActiveCfg = Release|Any CPU
		{724820B0-1B94-42DB-8F75-6F0FA299A99B}.Release|Any CPU.Build.0 = Release|Any CPU
		{32B9E11D-D064-4418-99AD-FD7C14A6771E}.Debug|Any CPU.ActiveCfg = Debug|Any CPU
		{32B9E11D-D064-4418-99AD-FD7C14A6771E}.Debug|Any CPU.Build.0 = Debug|Any CPU
		{32B9E11D-D064-4418-99AD-FD7C14A6771E}.Release|Any CPU.ActiveCfg = Release|Any CPU
		{32B9E11D-D064-4418-99AD-FD7C14A6771E}.Release|Any CPU.Build.0 = Release|Any CPU
	EndGlobalSection
	GlobalSection(SolutionProperties) = preSolution
		HideSolutionNode = FALSE
	EndGlobalSection
	GlobalSection(NestedProjects) = preSolution
		{D77DACF3-2DD2-4BD1-BC0B-E768D1BD935C} = {A784B3A0-3C97-451B-BE88-D7697D901C00}
		{590E44B9-ED22-4FE6-8498-1E2633E2D83B} = {8305AA56-8941-414C-96C4-58F4216B4617}
		{7D87F712-5CDA-4C48-ABF7-EC110B12B3EC} = {8305AA56-8941-414C-96C4-58F4216B4617}
		{21B96008-470F-4F66-9947-6F8E66148BBE} = {8305AA56-8941-414C-96C4-58F4216B4617}
		{546BFF8F-45F6-4040-91F1-3266877FCB77} = {8305AA56-8941-414C-96C4-58F4216B4617}
		{E250465E-32E5-43EE-AA98-F9597C775654} = {12A8E66C-CB6A-45E5-8FC6-FA2156060A7B}
		{5D31ECDC-EF97-49AD-A264-2EA2DA90ADAF} = {12A8E66C-CB6A-45E5-8FC6-FA2156060A7B}
		{439B0926-D5D8-4278-8F9F-FA5388BDA04B} = {12A8E66C-CB6A-45E5-8FC6-FA2156060A7B}
		{4202C7DD-BCBC-48CD-9FC2-44D5B8E46765} = {E250465E-32E5-43EE-AA98-F9597C775654}
		{BBAA4DC6-0147-4259-9375-B4CE38E92BAD} = {E250465E-32E5-43EE-AA98-F9597C775654}
		{568FC31B-B1A4-4F12-9B65-8056F1FEF54C} = {E250465E-32E5-43EE-AA98-F9597C775654}
		{FF5156A3-B751-4AE6-9833-3FE550D2C13F} = {E250465E-32E5-43EE-AA98-F9597C775654}
		{0505BE14-FE97-419C-AD4C-98D9A810F0BC} = {E250465E-32E5-43EE-AA98-F9597C775654}
		{7EEBE356-AD69-4E91-96CF-C4792E7AED73} = {5D31ECDC-EF97-49AD-A264-2EA2DA90ADAF}
		{ED5C6D36-F70A-462D-98A5-FA9A5826C8AE} = {5D31ECDC-EF97-49AD-A264-2EA2DA90ADAF}
		{20D0B617-8A44-408A-B288-461FB9BCD559} = {5D31ECDC-EF97-49AD-A264-2EA2DA90ADAF}
		{E36D9CFD-D482-4E13-B971-8BC34B443A81} = {5D31ECDC-EF97-49AD-A264-2EA2DA90ADAF}
		{0F96AB4D-263E-4460-A5B7-10D38EA9EEE4} = {5D31ECDC-EF97-49AD-A264-2EA2DA90ADAF}
		{AD5EC1B1-932C-44DD-AE56-AB88A6AE54DC} = {5D31ECDC-EF97-49AD-A264-2EA2DA90ADAF}
		{2A83277B-4C30-48EA-95D3-4BCA90EE2D8C} = {5D31ECDC-EF97-49AD-A264-2EA2DA90ADAF}
		{C7399B54-7965-4F7A-B7A1-D3C39BF0B651} = {439B0926-D5D8-4278-8F9F-FA5388BDA04B}
		{B3BAB5C5-D55B-4F54-87B3-BB6CAE74642C} = {439B0926-D5D8-4278-8F9F-FA5388BDA04B}
		{676429C8-8C01-49DE-9387-2CE2BAE0594D} = {439B0926-D5D8-4278-8F9F-FA5388BDA04B}
		{1CDBB8B5-53A8-463F-9083-43F2F13ED4D8} = {439B0926-D5D8-4278-8F9F-FA5388BDA04B}
		{B916C7A5-DE51-43F9-8C65-92315DC46D3A} = {439B0926-D5D8-4278-8F9F-FA5388BDA04B}
		{FDE5244D-871E-4CF6-8AD5-F4FAC7BBB2E4} = {439B0926-D5D8-4278-8F9F-FA5388BDA04B}
		{7388F3E5-F651-47D0-A84C-99C38BCB95FB} = {439B0926-D5D8-4278-8F9F-FA5388BDA04B}
		{DE7F7CA5-4E83-4BA5-9036-74AE20298728} = {439B0926-D5D8-4278-8F9F-FA5388BDA04B}
		{724820B0-1B94-42DB-8F75-6F0FA299A99B} = {439B0926-D5D8-4278-8F9F-FA5388BDA04B}
		{32B9E11D-D064-4418-99AD-FD7C14A6771E} = {439B0926-D5D8-4278-8F9F-FA5388BDA04B}
	EndGlobalSection
	GlobalSection(ExtensibilityGlobals) = postSolution
		SolutionGuid = {AAB4D2B4-57CE-4E04-845B-C61330629FC2}
	EndGlobalSection
EndGlobal
