
Microsoft Visual Studio Solution File, Format Version 12.00
# Visual Studio Version 16
VisualStudioVersion = 16.0.29613.14
MinimumVisualStudioVersion = 10.0.40219.1
Project("{9A19103F-16F7-4668-BE54-9A1E7A4F7556}") = "PracrticePlaybook", "PracrticePlaybook\PracrticePlaybook.csproj", "{EC069A97-F5CF-4F01-9E1E-065DA3D7E5AF}"
EndProject
Project("{FAE04EC0-301F-11D3-BF4B-00C04F79EFBC}") = "PracticeTests", "PracticeTests\PracticeTests.csproj", "{6CAF7090-171F-42B1-B63E-EF88512D162D}"
EndProject
Global
	GlobalSection(SolutionConfigurationPlatforms) = preSolution
		Debug|Any CPU = Debug|Any CPU
		Release|Any CPU = Release|Any CPU
	EndGlobalSection
	GlobalSection(ProjectConfigurationPlatforms) = postSolution
		{EC069A97-F5CF-4F01-9E1E-065DA3D7E5AF}.Debug|Any CPU.ActiveCfg = Debug|Any CPU
		{EC069A97-F5CF-4F01-9E1E-065DA3D7E5AF}.Debug|Any CPU.Build.0 = Debug|Any CPU
		{EC069A97-F5CF-4F01-9E1E-065DA3D7E5AF}.Release|Any CPU.ActiveCfg = Release|Any CPU
		{EC069A97-F5CF-4F01-9E1E-065DA3D7E5AF}.Release|Any CPU.Build.0 = Release|Any CPU
		{6CAF7090-171F-42B1-B63E-EF88512D162D}.Debug|Any CPU.ActiveCfg = Debug|Any CPU
		{6CAF7090-171F-42B1-B63E-EF88512D162D}.Debug|Any CPU.Build.0 = Debug|Any CPU
		{6CAF7090-171F-42B1-B63E-EF88512D162D}.Release|Any CPU.ActiveCfg = Release|Any CPU
		{6CAF7090-171F-42B1-B63E-EF88512D162D}.Release|Any CPU.Build.0 = Release|Any CPU
	EndGlobalSection
	GlobalSection(SolutionProperties) = preSolution
		HideSolutionNode = FALSE
	EndGlobalSection
	GlobalSection(ExtensibilityGlobals) = postSolution
		SolutionGuid = {39F56982-8E05-4BE7-AD61-ADF165208287}
	EndGlobalSection
EndGlobal
